// !$*UTF8*$!
{
	archiveVersion = 1;
	classes = {
	};
	objectVersion = 46;
	objects = {

/* Begin PBXBuildFile section */
		D303FC181CA38FD200FEC847 /* infoViewBttn.m in Sources */ = {isa = PBXBuildFile; fileRef = D303FC171CA38FD200FEC847 /* infoViewBttn.m */; };
		D303FC1C1CA3905B00FEC847 /* infoViewMessage.m in Sources */ = {isa = PBXBuildFile; fileRef = D303FC1B1CA3905B00FEC847 /* infoViewMessage.m */; };
		D303FC1E1CA391F100FEC847 /* info.png in Resources */ = {isa = PBXBuildFile; fileRef = D303FC1D1CA391F100FEC847 /* info.png */; };
		D3071C811C5E560E00CADA26 /* adsOn.swift in Sources */ = {isa = PBXBuildFile; fileRef = D3071C801C5E560E00CADA26 /* adsOn.swift */; };
		D3080ECF1CB4EC1C00802276 /* AJloadingCircle.m in Sources */ = {isa = PBXBuildFile; fileRef = D3080ECE1CB4EC1C00802276 /* AJloadingCircle.m */; };
		D3080ED31CB5064900802276 /* AJloadingScale.m in Sources */ = {isa = PBXBuildFile; fileRef = D3080ED21CB5064900802276 /* AJloadingScale.m */; };
		D3081A251C57272F0034A712 /* FlapView.swift in Sources */ = {isa = PBXBuildFile; fileRef = D3081A1C1C57272F0034A712 /* FlapView.swift */; };
		D3081A261C57272F0034A712 /* FlapViewBuilder.swift in Sources */ = {isa = PBXBuildFile; fileRef = D3081A1D1C57272F0034A712 /* FlapViewBuilder.swift */; };
		D3081A271C57272F0034A712 /* Splitflap.swift in Sources */ = {isa = PBXBuildFile; fileRef = D3081A1E1C57272F0034A712 /* Splitflap.swift */; };
		D3081A281C57272F0034A712 /* SplitflapDataSource.swift in Sources */ = {isa = PBXBuildFile; fileRef = D3081A1F1C57272F0034A712 /* SplitflapDataSource.swift */; };
		D3081A291C57272F0034A712 /* SplitflapDelegate.swift in Sources */ = {isa = PBXBuildFile; fileRef = D3081A201C57272F0034A712 /* SplitflapDelegate.swift */; };
		D3081A2A1C57272F0034A712 /* SplitflapTokens.swift in Sources */ = {isa = PBXBuildFile; fileRef = D3081A211C57272F0034A712 /* SplitflapTokens.swift */; };
		D3081A2B1C57272F0034A712 /* TileView.swift in Sources */ = {isa = PBXBuildFile; fileRef = D3081A221C57272F0034A712 /* TileView.swift */; };
		D3081A2C1C57272F0034A712 /* TokenGenerator.swift in Sources */ = {isa = PBXBuildFile; fileRef = D3081A231C57272F0034A712 /* TokenGenerator.swift */; };
		D3081A2D1C57272F0034A712 /* TokenParser.swift in Sources */ = {isa = PBXBuildFile; fileRef = D3081A241C57272F0034A712 /* TokenParser.swift */; };
		D30865511C5D9AB900DBA1AF /* NotificationCenter.framework in Frameworks */ = {isa = PBXBuildFile; fileRef = D30865501C5D9AB900DBA1AF /* NotificationCenter.framework */; };
		D30865541C5D9AB900DBA1AF /* TodayViewController.swift in Sources */ = {isa = PBXBuildFile; fileRef = D30865531C5D9AB900DBA1AF /* TodayViewController.swift */; };
		D30865571C5D9AB900DBA1AF /* MainInterface.storyboard in Resources */ = {isa = PBXBuildFile; fileRef = D30865551C5D9AB900DBA1AF /* MainInterface.storyboard */; };
		D308655B1C5D9AB900DBA1AF /* usedDisk.appex in Embed App Extensions */ = {isa = PBXBuildFile; fileRef = D308654E1C5D9AB900DBA1AF /* usedDisk.appex */; settings = {ATTRIBUTES = (RemoveHeadersOnCopy, ); }; };
		D30B59281C83F75A0093509F /* shakeView.m in Sources */ = {isa = PBXBuildFile; fileRef = D30B59271C83F75A0093509F /* shakeView.m */; };
		D30BDA891C93CB93003A6786 /* ArcViewController.m in Sources */ = {isa = PBXBuildFile; fileRef = D30BDA861C93CB93003A6786 /* ArcViewController.m */; };
		D30BDA8A1C93CB93003A6786 /* drawPath.m in Sources */ = {isa = PBXBuildFile; fileRef = D30BDA881C93CB93003A6786 /* drawPath.m */; };
		D30BDA8E1C93F29A003A6786 /* shapeBttn.m in Sources */ = {isa = PBXBuildFile; fileRef = D30BDA8D1C93F29A003A6786 /* shapeBttn.m */; };
		D30D28031C9149790047AF83 /* UIImageView+URLsession.m in Sources */ = {isa = PBXBuildFile; fileRef = D30D28021C9149790047AF83 /* UIImageView+URLsession.m */; };
		D30D28081C91777A0047AF83 /* SpriteKit.framework in Frameworks */ = {isa = PBXBuildFile; fileRef = D30D28071C91777A0047AF83 /* SpriteKit.framework */; settings = {ATTRIBUTES = (Weak, ); }; };
		D30D28331C917E5B0047AF83 /* SceneKit.framework in Frameworks */ = {isa = PBXBuildFile; fileRef = D30D28321C917E5B0047AF83 /* SceneKit.framework */; };
		D30D28351C917E920047AF83 /* ColorizeViewController.swift in Sources */ = {isa = PBXBuildFile; fileRef = D30D28341C917E920047AF83 /* ColorizeViewController.swift */; };
		D30E2B7C1C9A85C700C446D3 /* tableRefreshPull.m in Sources */ = {isa = PBXBuildFile; fileRef = D30E2B7B1C9A85C700C446D3 /* tableRefreshPull.m */; };
		D3111BB41C800FC8008772A3 /* URLsession.m in Sources */ = {isa = PBXBuildFile; fileRef = D3111BB31C800FC8008772A3 /* URLsession.m */; };
		D3111BB71C8027D1008772A3 /* LoginView.xib in Resources */ = {isa = PBXBuildFile; fileRef = D3111BB61C8027D1008772A3 /* LoginView.xib */; };
		D3111BB91C804B09008772A3 /* LoginView.swift in Sources */ = {isa = PBXBuildFile; fileRef = D3111BB81C804B09008772A3 /* LoginView.swift */; };
		D31409C81C992950002E7BB2 /* expandMenu.m in Sources */ = {isa = PBXBuildFile; fileRef = D31409C71C992950002E7BB2 /* expandMenu.m */; };
		D31409CC1C992978002E7BB2 /* bttnMenu.m in Sources */ = {isa = PBXBuildFile; fileRef = D31409CB1C992978002E7BB2 /* bttnMenu.m */; };
		D31409CF1C9929A7002E7BB2 /* bttnHeadMenu.m in Sources */ = {isa = PBXBuildFile; fileRef = D31409CE1C9929A7002E7BB2 /* bttnHeadMenu.m */; };
		D3164C721C76BC5500606D2B /* circleViewController.swift in Sources */ = {isa = PBXBuildFile; fileRef = D3164C711C76BC5500606D2B /* circleViewController.swift */; };
		D3164C751C76BD2D00606D2B /* circleLoadView.m in Sources */ = {isa = PBXBuildFile; fileRef = D3164C741C76BD2D00606D2B /* circleLoadView.m */; };
		D31ACBC51C0410D3000AF3C7 /* AppDelegate.swift in Sources */ = {isa = PBXBuildFile; fileRef = D31ACBC41C0410D3000AF3C7 /* AppDelegate.swift */; };
		D31ACBC71C0410D3000AF3C7 /* ViewController.swift in Sources */ = {isa = PBXBuildFile; fileRef = D31ACBC61C0410D3000AF3C7 /* ViewController.swift */; };
		D31ACBCA1C0410D3000AF3C7 /* Main.storyboard in Resources */ = {isa = PBXBuildFile; fileRef = D31ACBC81C0410D3000AF3C7 /* Main.storyboard */; };
		D31ACBCC1C0410D3000AF3C7 /* Assets.xcassets in Resources */ = {isa = PBXBuildFile; fileRef = D31ACBCB1C0410D3000AF3C7 /* Assets.xcassets */; };
		D31ACBCF1C0410D3000AF3C7 /* LaunchScreen.storyboard in Resources */ = {isa = PBXBuildFile; fileRef = D31ACBCD1C0410D3000AF3C7 /* LaunchScreen.storyboard */; };
		D31ACBD71C041141000AF3C7 /* AJslideNavigator.swift in Sources */ = {isa = PBXBuildFile; fileRef = D31ACBD61C041141000AF3C7 /* AJslideNavigator.swift */; };
		D31ACBD91C041656000AF3C7 /* duaViewController.swift in Sources */ = {isa = PBXBuildFile; fileRef = D31ACBD81C041656000AF3C7 /* duaViewController.swift */; };
		D31AF04C1C968420004044BD /* extensionBttn.m in Sources */ = {isa = PBXBuildFile; fileRef = D31AF04B1C968420004044BD /* extensionBttn.m */; };
		D31B8ACC1C8FD8D500B0E2DF /* rectangleLoadView.m in Sources */ = {isa = PBXBuildFile; fileRef = D31B8ACB1C8FD8D500B0E2DF /* rectangleLoadView.m */; };
		D34E2ACD1C72FA5400E7A3E2 /* plane.png in Resources */ = {isa = PBXBuildFile; fileRef = D34E2ACC1C72FA5400E7A3E2 /* plane.png */; };
		D3655BF41C746DE300ABE71C /* Wallpaper-686.jpg in Resources */ = {isa = PBXBuildFile; fileRef = D3655BED1C746DE300ABE71C /* Wallpaper-686.jpg */; };
		D3655BF51C746DE300ABE71C /* roundedLogo.png in Resources */ = {isa = PBXBuildFile; fileRef = D3655BEE1C746DE300ABE71C /* roundedLogo.png */; };
		D3655BF61C746DE300ABE71C /* image.jpg in Resources */ = {isa = PBXBuildFile; fileRef = D3655BEF1C746DE300ABE71C /* image.jpg */; };
		D3655BF71C746DE300ABE71C /* circle.png in Resources */ = {isa = PBXBuildFile; fileRef = D3655BF01C746DE300ABE71C /* circle.png */; };
		D3655BF81C746DE300ABE71C /* planet.png in Resources */ = {isa = PBXBuildFile; fileRef = D3655BF11C746DE300ABE71C /* planet.png */; };
		D3655BF91C746DE300ABE71C /* gameHiddenObjectViewController.swift in Sources */ = {isa = PBXBuildFile; fileRef = D3655BF21C746DE300ABE71C /* gameHiddenObjectViewController.swift */; };
		D3655BFA1C746DE300ABE71C /* gameHiddenObjectViewController.xib in Resources */ = {isa = PBXBuildFile; fileRef = D3655BF31C746DE300ABE71C /* gameHiddenObjectViewController.xib */; };
		D3655BFD1C746E5700ABE71C /* homeTableViewController.swift in Sources */ = {isa = PBXBuildFile; fileRef = D3655BFC1C746E5700ABE71C /* homeTableViewController.swift */; };
		D3655C061C74757300ABE71C /* UIImage+Resize.m in Sources */ = {isa = PBXBuildFile; fileRef = D3655C011C74757300ABE71C /* UIImage+Resize.m */; };
		D3655C071C74757300ABE71C /* IXNTileBoard.m in Sources */ = {isa = PBXBuildFile; fileRef = D3655C031C74757300ABE71C /* IXNTileBoard.m */; };
		D3655C081C74757300ABE71C /* IXNTileBoardView.m in Sources */ = {isa = PBXBuildFile; fileRef = D3655C051C74757300ABE71C /* IXNTileBoardView.m */; };
		D3655C0B1C7476E300ABE71C /* tilesViewController.swift in Sources */ = {isa = PBXBuildFile; fileRef = D3655C0A1C7476E300ABE71C /* tilesViewController.swift */; };
		D37F56E11CD313AB00E7EB07 /* dateExtension.m in Sources */ = {isa = PBXBuildFile; fileRef = D37F56E01CD313AB00E7EB07 /* dateExtension.m */; };
		D383CBA81CD34C6300D43083 /* extensionview.swift in Sources */ = {isa = PBXBuildFile; fileRef = D383CBA71CD34C6300D43083 /* extensionview.swift */; };
		D3D3F8101CD3366000465482 /* testExtentionsViewController.swift in Sources */ = {isa = PBXBuildFile; fileRef = D3D3F80F1CD3366000465482 /* testExtentionsViewController.swift */; };
/* End PBXBuildFile section */

/* Begin PBXContainerItemProxy section */
		D30865591C5D9AB900DBA1AF /* PBXContainerItemProxy */ = {
			isa = PBXContainerItemProxy;
			containerPortal = D31ACBB91C0410D3000AF3C7 /* Project object */;
			proxyType = 1;
			remoteGlobalIDString = D308654D1C5D9AB900DBA1AF;
			remoteInfo = usedDisk;
		};
/* End PBXContainerItemProxy section */

/* Begin PBXCopyFilesBuildPhase section */
		D308655F1C5D9AB900DBA1AF /* Embed App Extensions */ = {
			isa = PBXCopyFilesBuildPhase;
			buildActionMask = 2147483647;
			dstPath = "";
			dstSubfolderSpec = 13;
			files = (
				D308655B1C5D9AB900DBA1AF /* usedDisk.appex in Embed App Extensions */,
			);
			name = "Embed App Extensions";
			runOnlyForDeploymentPostprocessing = 0;
		};
/* End PBXCopyFilesBuildPhase section */

/* Begin PBXFileReference section */
		D303FC161CA38FD200FEC847 /* infoViewBttn.h */ = {isa = PBXFileReference; fileEncoding = 4; lastKnownFileType = sourcecode.c.h; path = infoViewBttn.h; sourceTree = "<group>"; };
		D303FC171CA38FD200FEC847 /* infoViewBttn.m */ = {isa = PBXFileReference; fileEncoding = 4; lastKnownFileType = sourcecode.c.objc; path = infoViewBttn.m; sourceTree = "<group>"; };
		D303FC1A1CA3905B00FEC847 /* infoViewMessage.h */ = {isa = PBXFileReference; fileEncoding = 4; lastKnownFileType = sourcecode.c.h; path = infoViewMessage.h; sourceTree = "<group>"; };
		D303FC1B1CA3905B00FEC847 /* infoViewMessage.m */ = {isa = PBXFileReference; fileEncoding = 4; lastKnownFileType = sourcecode.c.objc; path = infoViewMessage.m; sourceTree = "<group>"; };
		D303FC1D1CA391F100FEC847 /* info.png */ = {isa = PBXFileReference; lastKnownFileType = image.png; path = info.png; sourceTree = "<group>"; };
		D3071C801C5E560E00CADA26 /* adsOn.swift */ = {isa = PBXFileReference; fileEncoding = 4; lastKnownFileType = sourcecode.swift; path = adsOn.swift; sourceTree = "<group>"; };
		D3080ECD1CB4EC1C00802276 /* AJloadingCircle.h */ = {isa = PBXFileReference; fileEncoding = 4; lastKnownFileType = sourcecode.c.h; path = AJloadingCircle.h; sourceTree = "<group>"; };
		D3080ECE1CB4EC1C00802276 /* AJloadingCircle.m */ = {isa = PBXFileReference; fileEncoding = 4; lastKnownFileType = sourcecode.c.objc; path = AJloadingCircle.m; sourceTree = "<group>"; };
		D3080ED11CB5064900802276 /* AJloadingScale.h */ = {isa = PBXFileReference; fileEncoding = 4; lastKnownFileType = sourcecode.c.h; path = AJloadingScale.h; sourceTree = "<group>"; };
		D3080ED21CB5064900802276 /* AJloadingScale.m */ = {isa = PBXFileReference; fileEncoding = 4; lastKnownFileType = sourcecode.c.objc; path = AJloadingScale.m; sourceTree = "<group>"; };
		D3081A1C1C57272F0034A712 /* FlapView.swift */ = {isa = PBXFileReference; fileEncoding = 4; lastKnownFileType = sourcecode.swift; path = FlapView.swift; sourceTree = "<group>"; };
		D3081A1D1C57272F0034A712 /* FlapViewBuilder.swift */ = {isa = PBXFileReference; fileEncoding = 4; lastKnownFileType = sourcecode.swift; path = FlapViewBuilder.swift; sourceTree = "<group>"; };
		D3081A1E1C57272F0034A712 /* Splitflap.swift */ = {isa = PBXFileReference; fileEncoding = 4; lastKnownFileType = sourcecode.swift; path = Splitflap.swift; sourceTree = "<group>"; };
		D3081A1F1C57272F0034A712 /* SplitflapDataSource.swift */ = {isa = PBXFileReference; fileEncoding = 4; lastKnownFileType = sourcecode.swift; path = SplitflapDataSource.swift; sourceTree = "<group>"; };
		D3081A201C57272F0034A712 /* SplitflapDelegate.swift */ = {isa = PBXFileReference; fileEncoding = 4; lastKnownFileType = sourcecode.swift; path = SplitflapDelegate.swift; sourceTree = "<group>"; };
		D3081A211C57272F0034A712 /* SplitflapTokens.swift */ = {isa = PBXFileReference; fileEncoding = 4; lastKnownFileType = sourcecode.swift; path = SplitflapTokens.swift; sourceTree = "<group>"; };
		D3081A221C57272F0034A712 /* TileView.swift */ = {isa = PBXFileReference; fileEncoding = 4; lastKnownFileType = sourcecode.swift; path = TileView.swift; sourceTree = "<group>"; };
		D3081A231C57272F0034A712 /* TokenGenerator.swift */ = {isa = PBXFileReference; fileEncoding = 4; lastKnownFileType = sourcecode.swift; path = TokenGenerator.swift; sourceTree = "<group>"; };
		D3081A241C57272F0034A712 /* TokenParser.swift */ = {isa = PBXFileReference; fileEncoding = 4; lastKnownFileType = sourcecode.swift; path = TokenParser.swift; sourceTree = "<group>"; };
		D308654E1C5D9AB900DBA1AF /* usedDisk.appex */ = {isa = PBXFileReference; explicitFileType = "wrapper.app-extension"; includeInIndex = 0; path = usedDisk.appex; sourceTree = BUILT_PRODUCTS_DIR; };
		D30865501C5D9AB900DBA1AF /* NotificationCenter.framework */ = {isa = PBXFileReference; lastKnownFileType = wrapper.framework; name = NotificationCenter.framework; path = System/Library/Frameworks/NotificationCenter.framework; sourceTree = SDKROOT; };
		D30865531C5D9AB900DBA1AF /* TodayViewController.swift */ = {isa = PBXFileReference; lastKnownFileType = sourcecode.swift; path = TodayViewController.swift; sourceTree = "<group>"; };
		D30865561C5D9AB900DBA1AF /* Base */ = {isa = PBXFileReference; lastKnownFileType = file.storyboard; name = Base; path = Base.lproj/MainInterface.storyboard; sourceTree = "<group>"; };
		D30865581C5D9AB900DBA1AF /* Info.plist */ = {isa = PBXFileReference; lastKnownFileType = text.plist.xml; path = Info.plist; sourceTree = "<group>"; };
		D30B59261C83F75A0093509F /* shakeView.h */ = {isa = PBXFileReference; fileEncoding = 4; lastKnownFileType = sourcecode.c.h; path = shakeView.h; sourceTree = "<group>"; };
		D30B59271C83F75A0093509F /* shakeView.m */ = {isa = PBXFileReference; fileEncoding = 4; lastKnownFileType = sourcecode.c.objc; path = shakeView.m; sourceTree = "<group>"; };
		D30BDA851C93CB93003A6786 /* ArcViewController.h */ = {isa = PBXFileReference; fileEncoding = 4; lastKnownFileType = sourcecode.c.h; path = ArcViewController.h; sourceTree = "<group>"; };
		D30BDA861C93CB93003A6786 /* ArcViewController.m */ = {isa = PBXFileReference; fileEncoding = 4; lastKnownFileType = sourcecode.c.objc; path = ArcViewController.m; sourceTree = "<group>"; };
		D30BDA871C93CB93003A6786 /* drawPath.h */ = {isa = PBXFileReference; fileEncoding = 4; lastKnownFileType = sourcecode.c.h; path = drawPath.h; sourceTree = "<group>"; };
		D30BDA881C93CB93003A6786 /* drawPath.m */ = {isa = PBXFileReference; fileEncoding = 4; lastKnownFileType = sourcecode.c.objc; path = drawPath.m; sourceTree = "<group>"; };
		D30BDA8C1C93F29A003A6786 /* shapeBttn.h */ = {isa = PBXFileReference; fileEncoding = 4; lastKnownFileType = sourcecode.c.h; path = shapeBttn.h; sourceTree = "<group>"; };
		D30BDA8D1C93F29A003A6786 /* shapeBttn.m */ = {isa = PBXFileReference; fileEncoding = 4; lastKnownFileType = sourcecode.c.objc; path = shapeBttn.m; sourceTree = "<group>"; };
		D30D28011C9149790047AF83 /* UIImageView+URLsession.h */ = {isa = PBXFileReference; fileEncoding = 4; lastKnownFileType = sourcecode.c.h; path = "UIImageView+URLsession.h"; sourceTree = "<group>"; };
		D30D28021C9149790047AF83 /* UIImageView+URLsession.m */ = {isa = PBXFileReference; fileEncoding = 4; lastKnownFileType = sourcecode.c.objc; path = "UIImageView+URLsession.m"; sourceTree = "<group>"; };
		D30D28071C91777A0047AF83 /* SpriteKit.framework */ = {isa = PBXFileReference; lastKnownFileType = wrapper.framework; name = SpriteKit.framework; path = System/Library/Frameworks/SpriteKit.framework; sourceTree = SDKROOT; };
		D30D28321C917E5B0047AF83 /* SceneKit.framework */ = {isa = PBXFileReference; lastKnownFileType = wrapper.framework; name = SceneKit.framework; path = System/Library/Frameworks/SceneKit.framework; sourceTree = SDKROOT; };
		D30D28341C917E920047AF83 /* ColorizeViewController.swift */ = {isa = PBXFileReference; fileEncoding = 4; lastKnownFileType = sourcecode.swift; path = ColorizeViewController.swift; sourceTree = "<group>"; };
		D30E2B7A1C9A85C700C446D3 /* tableRefreshPull.h */ = {isa = PBXFileReference; fileEncoding = 4; lastKnownFileType = sourcecode.c.h; path = tableRefreshPull.h; sourceTree = "<group>"; };
		D30E2B7B1C9A85C700C446D3 /* tableRefreshPull.m */ = {isa = PBXFileReference; fileEncoding = 4; lastKnownFileType = sourcecode.c.objc; path = tableRefreshPull.m; sourceTree = "<group>"; };
		D3111BB21C800FC8008772A3 /* URLsession.h */ = {isa = PBXFileReference; fileEncoding = 4; lastKnownFileType = sourcecode.c.h; path = URLsession.h; sourceTree = "<group>"; };
		D3111BB31C800FC8008772A3 /* URLsession.m */ = {isa = PBXFileReference; fileEncoding = 4; lastKnownFileType = sourcecode.c.objc; path = URLsession.m; sourceTree = "<group>"; };
		D3111BB61C8027D1008772A3 /* LoginView.xib */ = {isa = PBXFileReference; fileEncoding = 4; lastKnownFileType = file.xib; path = LoginView.xib; sourceTree = "<group>"; };
		D3111BB81C804B09008772A3 /* LoginView.swift */ = {isa = PBXFileReference; fileEncoding = 4; lastKnownFileType = sourcecode.swift; path = LoginView.swift; sourceTree = "<group>"; };
		D31409C61C992950002E7BB2 /* expandMenu.h */ = {isa = PBXFileReference; fileEncoding = 4; lastKnownFileType = sourcecode.c.h; path = expandMenu.h; sourceTree = "<group>"; };
		D31409C71C992950002E7BB2 /* expandMenu.m */ = {isa = PBXFileReference; fileEncoding = 4; lastKnownFileType = sourcecode.c.objc; path = expandMenu.m; sourceTree = "<group>"; };
		D31409CA1C992978002E7BB2 /* bttnMenu.h */ = {isa = PBXFileReference; fileEncoding = 4; lastKnownFileType = sourcecode.c.h; path = bttnMenu.h; sourceTree = "<group>"; };
		D31409CB1C992978002E7BB2 /* bttnMenu.m */ = {isa = PBXFileReference; fileEncoding = 4; lastKnownFileType = sourcecode.c.objc; path = bttnMenu.m; sourceTree = "<group>"; };
		D31409CD1C9929A7002E7BB2 /* bttnHeadMenu.h */ = {isa = PBXFileReference; fileEncoding = 4; lastKnownFileType = sourcecode.c.h; path = bttnHeadMenu.h; sourceTree = "<group>"; };
		D31409CE1C9929A7002E7BB2 /* bttnHeadMenu.m */ = {isa = PBXFileReference; fileEncoding = 4; lastKnownFileType = sourcecode.c.objc; path = bttnHeadMenu.m; sourceTree = "<group>"; };
		D3164C711C76BC5500606D2B /* circleViewController.swift */ = {isa = PBXFileReference; fileEncoding = 4; lastKnownFileType = sourcecode.swift; path = circleViewController.swift; sourceTree = "<group>"; };
		D3164C731C76BD2D00606D2B /* circleLoadView.h */ = {isa = PBXFileReference; fileEncoding = 4; lastKnownFileType = sourcecode.c.h; path = circleLoadView.h; sourceTree = "<group>"; };
		D3164C741C76BD2D00606D2B /* circleLoadView.m */ = {isa = PBXFileReference; fileEncoding = 4; lastKnownFileType = sourcecode.c.objc; path = circleLoadView.m; sourceTree = "<group>"; };
		D31ACBC11C0410D3000AF3C7 /* demo.app */ = {isa = PBXFileReference; explicitFileType = wrapper.application; includeInIndex = 0; path = demo.app; sourceTree = BUILT_PRODUCTS_DIR; };
		D31ACBC41C0410D3000AF3C7 /* AppDelegate.swift */ = {isa = PBXFileReference; lastKnownFileType = sourcecode.swift; path = AppDelegate.swift; sourceTree = "<group>"; };
		D31ACBC61C0410D3000AF3C7 /* ViewController.swift */ = {isa = PBXFileReference; lastKnownFileType = sourcecode.swift; path = ViewController.swift; sourceTree = "<group>"; };
		D31ACBC91C0410D3000AF3C7 /* Base */ = {isa = PBXFileReference; lastKnownFileType = file.storyboard; name = Base; path = Base.lproj/Main.storyboard; sourceTree = "<group>"; };
		D31ACBCB1C0410D3000AF3C7 /* Assets.xcassets */ = {isa = PBXFileReference; lastKnownFileType = folder.assetcatalog; path = Assets.xcassets; sourceTree = "<group>"; };
		D31ACBCE1C0410D3000AF3C7 /* Base */ = {isa = PBXFileReference; lastKnownFileType = file.storyboard; name = Base; path = Base.lproj/LaunchScreen.storyboard; sourceTree = "<group>"; };
		D31ACBD01C0410D3000AF3C7 /* Info.plist */ = {isa = PBXFileReference; lastKnownFileType = text.plist.xml; path = Info.plist; sourceTree = "<group>"; };
		D31ACBD61C041141000AF3C7 /* AJslideNavigator.swift */ = {isa = PBXFileReference; fileEncoding = 4; lastKnownFileType = sourcecode.swift; path = AJslideNavigator.swift; sourceTree = "<group>"; };
		D31ACBD81C041656000AF3C7 /* duaViewController.swift */ = {isa = PBXFileReference; fileEncoding = 4; lastKnownFileType = sourcecode.swift; path = duaViewController.swift; sourceTree = "<group>"; };
		D31AF04A1C968420004044BD /* extensionBttn.h */ = {isa = PBXFileReference; fileEncoding = 4; lastKnownFileType = sourcecode.c.h; path = extensionBttn.h; sourceTree = "<group>"; };
		D31AF04B1C968420004044BD /* extensionBttn.m */ = {isa = PBXFileReference; fileEncoding = 4; lastKnownFileType = sourcecode.c.objc; path = extensionBttn.m; sourceTree = "<group>"; };
		D31B8ACA1C8FD8D500B0E2DF /* rectangleLoadView.h */ = {isa = PBXFileReference; fileEncoding = 4; lastKnownFileType = sourcecode.c.h; path = rectangleLoadView.h; sourceTree = "<group>"; };
		D31B8ACB1C8FD8D500B0E2DF /* rectangleLoadView.m */ = {isa = PBXFileReference; fileEncoding = 4; lastKnownFileType = sourcecode.c.objc; path = rectangleLoadView.m; sourceTree = "<group>"; };
		D34E2ACC1C72FA5400E7A3E2 /* plane.png */ = {isa = PBXFileReference; lastKnownFileType = image.png; path = plane.png; sourceTree = "<group>"; };
		D3655BED1C746DE300ABE71C /* Wallpaper-686.jpg */ = {isa = PBXFileReference; lastKnownFileType = image.jpeg; path = "Wallpaper-686.jpg"; sourceTree = "<group>"; };
		D3655BEE1C746DE300ABE71C /* roundedLogo.png */ = {isa = PBXFileReference; lastKnownFileType = image.png; path = roundedLogo.png; sourceTree = "<group>"; };
		D3655BEF1C746DE300ABE71C /* image.jpg */ = {isa = PBXFileReference; lastKnownFileType = image.jpeg; path = image.jpg; sourceTree = "<group>"; };
		D3655BF01C746DE300ABE71C /* circle.png */ = {isa = PBXFileReference; lastKnownFileType = image.png; path = circle.png; sourceTree = "<group>"; };
		D3655BF11C746DE300ABE71C /* planet.png */ = {isa = PBXFileReference; lastKnownFileType = image.png; path = planet.png; sourceTree = "<group>"; };
		D3655BF21C746DE300ABE71C /* gameHiddenObjectViewController.swift */ = {isa = PBXFileReference; fileEncoding = 4; lastKnownFileType = sourcecode.swift; path = gameHiddenObjectViewController.swift; sourceTree = "<group>"; };
		D3655BF31C746DE300ABE71C /* gameHiddenObjectViewController.xib */ = {isa = PBXFileReference; fileEncoding = 4; lastKnownFileType = file.xib; path = gameHiddenObjectViewController.xib; sourceTree = "<group>"; };
		D3655BFC1C746E5700ABE71C /* homeTableViewController.swift */ = {isa = PBXFileReference; fileEncoding = 4; lastKnownFileType = sourcecode.swift; path = homeTableViewController.swift; sourceTree = "<group>"; };
		D3655BFE1C74757200ABE71C /* demo-Bridging-Header.h */ = {isa = PBXFileReference; lastKnownFileType = sourcecode.c.h; path = "demo-Bridging-Header.h"; sourceTree = "<group>"; };
		D3655BFF1C74757300ABE71C /* IXNTilePuzzle.h */ = {isa = PBXFileReference; fileEncoding = 4; lastKnownFileType = sourcecode.c.h; path = IXNTilePuzzle.h; sourceTree = "<group>"; };
		D3655C001C74757300ABE71C /* UIImage+Resize.h */ = {isa = PBXFileReference; fileEncoding = 4; lastKnownFileType = sourcecode.c.h; path = "UIImage+Resize.h"; sourceTree = "<group>"; };
		D3655C011C74757300ABE71C /* UIImage+Resize.m */ = {isa = PBXFileReference; fileEncoding = 4; lastKnownFileType = sourcecode.c.objc; path = "UIImage+Resize.m"; sourceTree = "<group>"; };
		D3655C021C74757300ABE71C /* IXNTileBoard.h */ = {isa = PBXFileReference; fileEncoding = 4; lastKnownFileType = sourcecode.c.h; path = IXNTileBoard.h; sourceTree = "<group>"; };
		D3655C031C74757300ABE71C /* IXNTileBoard.m */ = {isa = PBXFileReference; fileEncoding = 4; lastKnownFileType = sourcecode.c.objc; path = IXNTileBoard.m; sourceTree = "<group>"; };
		D3655C041C74757300ABE71C /* IXNTileBoardView.h */ = {isa = PBXFileReference; fileEncoding = 4; lastKnownFileType = sourcecode.c.h; path = IXNTileBoardView.h; sourceTree = "<group>"; };
		D3655C051C74757300ABE71C /* IXNTileBoardView.m */ = {isa = PBXFileReference; fileEncoding = 4; lastKnownFileType = sourcecode.c.objc; path = IXNTileBoardView.m; sourceTree = "<group>"; };
		D3655C0A1C7476E300ABE71C /* tilesViewController.swift */ = {isa = PBXFileReference; fileEncoding = 4; lastKnownFileType = sourcecode.swift; path = tilesViewController.swift; sourceTree = "<group>"; };
		D37F56DF1CD313AB00E7EB07 /* dateExtension.h */ = {isa = PBXFileReference; fileEncoding = 4; lastKnownFileType = sourcecode.c.h; path = dateExtension.h; sourceTree = "<group>"; };
		D37F56E01CD313AB00E7EB07 /* dateExtension.m */ = {isa = PBXFileReference; fileEncoding = 4; lastKnownFileType = sourcecode.c.objc; path = dateExtension.m; sourceTree = "<group>"; };
		D383CBA71CD34C6300D43083 /* extensionview.swift */ = {isa = PBXFileReference; fileEncoding = 4; lastKnownFileType = sourcecode.swift; path = extensionview.swift; sourceTree = "<group>"; };
		D3D3F80F1CD3366000465482 /* testExtentionsViewController.swift */ = {isa = PBXFileReference; fileEncoding = 4; lastKnownFileType = sourcecode.swift; path = testExtentionsViewController.swift; sourceTree = "<group>"; };
/* End PBXFileReference section */

/* Begin PBXFrameworksBuildPhase section */
		D308654B1C5D9AB900DBA1AF /* Frameworks */ = {
			isa = PBXFrameworksBuildPhase;
			buildActionMask = 2147483647;
			files = (
				D30865511C5D9AB900DBA1AF /* NotificationCenter.framework in Frameworks */,
			);
			runOnlyForDeploymentPostprocessing = 0;
		};
		D31ACBBE1C0410D3000AF3C7 /* Frameworks */ = {
			isa = PBXFrameworksBuildPhase;
			buildActionMask = 2147483647;
			files = (
				D30D28331C917E5B0047AF83 /* SceneKit.framework in Frameworks */,
				D30D28081C91777A0047AF83 /* SpriteKit.framework in Frameworks */,
			);
			runOnlyForDeploymentPostprocessing = 0;
		};
/* End PBXFrameworksBuildPhase section */

/* Begin PBXGroup section */
		D303FC191CA38FDE00FEC847 /* infoViewBttn */ = {
			isa = PBXGroup;
			children = (
				D303FC1D1CA391F100FEC847 /* info.png */,
				D303FC161CA38FD200FEC847 /* infoViewBttn.h */,
				D303FC171CA38FD200FEC847 /* infoViewBttn.m */,
				D303FC1A1CA3905B00FEC847 /* infoViewMessage.h */,
				D303FC1B1CA3905B00FEC847 /* infoViewMessage.m */,
			);
			name = infoViewBttn;
			sourceTree = "<group>";
		};
		D3080ED01CB4EC2300802276 /* AJloadingCricle */ = {
			isa = PBXGroup;
			children = (
				D3080ECD1CB4EC1C00802276 /* AJloadingCircle.h */,
				D3080ECE1CB4EC1C00802276 /* AJloadingCircle.m */,
				D3080ED11CB5064900802276 /* AJloadingScale.h */,
				D3080ED21CB5064900802276 /* AJloadingScale.m */,
			);
			name = AJloadingCricle;
			sourceTree = "<group>";
		};
		D3081A1B1C57272F0034A712 /* Splitflap */ = {
			isa = PBXGroup;
			children = (
				D3081A1C1C57272F0034A712 /* FlapView.swift */,
				D3081A1D1C57272F0034A712 /* FlapViewBuilder.swift */,
				D3081A1E1C57272F0034A712 /* Splitflap.swift */,
				D3081A1F1C57272F0034A712 /* SplitflapDataSource.swift */,
				D3081A201C57272F0034A712 /* SplitflapDelegate.swift */,
				D3081A211C57272F0034A712 /* SplitflapTokens.swift */,
				D3081A221C57272F0034A712 /* TileView.swift */,
				D3081A231C57272F0034A712 /* TokenGenerator.swift */,
				D3081A241C57272F0034A712 /* TokenParser.swift */,
			);
			path = Splitflap;
			sourceTree = "<group>";
		};
		D308654F1C5D9AB900DBA1AF /* Frameworks */ = {
			isa = PBXGroup;
			children = (
				D30D28321C917E5B0047AF83 /* SceneKit.framework */,
				D30D28071C91777A0047AF83 /* SpriteKit.framework */,
				D30865501C5D9AB900DBA1AF /* NotificationCenter.framework */,
			);
			name = Frameworks;
			sourceTree = "<group>";
		};
		D30865521C5D9AB900DBA1AF /* usedDisk */ = {
			isa = PBXGroup;
			children = (
				D30865531C5D9AB900DBA1AF /* TodayViewController.swift */,
				D3071C801C5E560E00CADA26 /* adsOn.swift */,
				D30865551C5D9AB900DBA1AF /* MainInterface.storyboard */,
				D30865581C5D9AB900DBA1AF /* Info.plist */,
			);
			path = usedDisk;
			sourceTree = "<group>";
		};
		D30BDA8B1C93CB9A003A6786 /* test Arc */ = {
			isa = PBXGroup;
			children = (
				D30BDA851C93CB93003A6786 /* ArcViewController.h */,
				D30BDA861C93CB93003A6786 /* ArcViewController.m */,
				D30BDA871C93CB93003A6786 /* drawPath.h */,
				D30BDA881C93CB93003A6786 /* drawPath.m */,
			);
			name = "test Arc";
			sourceTree = "<group>";
		};
		D30BDA8F1C93F2A1003A6786 /* bttn */ = {
			isa = PBXGroup;
			children = (
				D30BDA8C1C93F29A003A6786 /* shapeBttn.h */,
				D30BDA8D1C93F29A003A6786 /* shapeBttn.m */,
				D31AF04A1C968420004044BD /* extensionBttn.h */,
				D31AF04B1C968420004044BD /* extensionBttn.m */,
			);
			name = bttn;
			sourceTree = "<group>";
		};
		D30E2B7D1C9A85CC00C446D3 /* tablerefreshPull */ = {
			isa = PBXGroup;
			children = (
				D30E2B7A1C9A85C700C446D3 /* tableRefreshPull.h */,
				D30E2B7B1C9A85C700C446D3 /* tableRefreshPull.m */,
			);
			name = tablerefreshPull;
			sourceTree = "<group>";
		};
		D3111BB51C800FCE008772A3 /* URLsession */ = {
			isa = PBXGroup;
			children = (
				D3111BB21C800FC8008772A3 /* URLsession.h */,
				D3111BB31C800FC8008772A3 /* URLsession.m */,
				D30D28011C9149790047AF83 /* UIImageView+URLsession.h */,
				D30D28021C9149790047AF83 /* UIImageView+URLsession.m */,
			);
			name = URLsession;
			sourceTree = "<group>";
		};
		D31409C91C992955002E7BB2 /* expandMenu */ = {
			isa = PBXGroup;
			children = (
				D31409C61C992950002E7BB2 /* expandMenu.h */,
				D31409C71C992950002E7BB2 /* expandMenu.m */,
				D31409CD1C9929A7002E7BB2 /* bttnHeadMenu.h */,
				D31409CE1C9929A7002E7BB2 /* bttnHeadMenu.m */,
				D31409CA1C992978002E7BB2 /* bttnMenu.h */,
				D31409CB1C992978002E7BB2 /* bttnMenu.m */,
			);
			name = expandMenu;
			sourceTree = "<group>";
		};
		D3164C761C76BD3800606D2B /* circle */ = {
			isa = PBXGroup;
			children = (
				D3164C731C76BD2D00606D2B /* circleLoadView.h */,
				D3164C741C76BD2D00606D2B /* circleLoadView.m */,
				D31B8ACA1C8FD8D500B0E2DF /* rectangleLoadView.h */,
				D31B8ACB1C8FD8D500B0E2DF /* rectangleLoadView.m */,
			);
			name = circle;
			sourceTree = "<group>";
		};
		D31ACBB81C0410D3000AF3C7 = {
			isa = PBXGroup;
			children = (
				D31ACBC31C0410D3000AF3C7 /* demo */,
				D30865521C5D9AB900DBA1AF /* usedDisk */,
				D308654F1C5D9AB900DBA1AF /* Frameworks */,
				D31ACBC21C0410D3000AF3C7 /* Products */,
			);
			sourceTree = "<group>";
		};
		D31ACBC21C0410D3000AF3C7 /* Products */ = {
			isa = PBXGroup;
			children = (
				D31ACBC11C0410D3000AF3C7 /* demo.app */,
				D308654E1C5D9AB900DBA1AF /* usedDisk.appex */,
			);
			name = Products;
			sourceTree = "<group>";
		};
		D31ACBC31C0410D3000AF3C7 /* demo */ = {
			isa = PBXGroup;
			children = (
				D30BDA8B1C93CB9A003A6786 /* test Arc */,
				D34E2ACC1C72FA5400E7A3E2 /* plane.png */,
				D3655C091C74757A00ABE71C /* slidepuzzle */,
				D3655BFB1C746DEA00ABE71C /* gamesHiddenObject */,
				D3164C761C76BD3800606D2B /* circle */,
				D3081A1B1C57272F0034A712 /* Splitflap */,
				D30BDA8F1C93F2A1003A6786 /* bttn */,
				D31409C91C992955002E7BB2 /* expandMenu */,
				D3080ED01CB4EC2300802276 /* AJloadingCricle */,
				D30E2B7D1C9A85CC00C446D3 /* tablerefreshPull */,
				D303FC191CA38FDE00FEC847 /* infoViewBttn */,
				D37F56E21CD313B000E7EB07 /* extension */,
				D3164C711C76BC5500606D2B /* circleViewController.swift */,
				D31ACBC41C0410D3000AF3C7 /* AppDelegate.swift */,
				D31ACBC61C0410D3000AF3C7 /* ViewController.swift */,
				D3655C0A1C7476E300ABE71C /* tilesViewController.swift */,
				D30D28341C917E920047AF83 /* ColorizeViewController.swift */,
				D3D3F80F1CD3366000465482 /* testExtentionsViewController.swift */,
				D31ACBC81C0410D3000AF3C7 /* Main.storyboard */,
				D3111BB61C8027D1008772A3 /* LoginView.xib */,
				D3111BB81C804B09008772A3 /* LoginView.swift */,
				D3655BFC1C746E5700ABE71C /* homeTableViewController.swift */,
				D31ACBD81C041656000AF3C7 /* duaViewController.swift */,
				D31ACBD61C041141000AF3C7 /* AJslideNavigator.swift */,
				D31ACBCB1C0410D3000AF3C7 /* Assets.xcassets */,
				D31ACBCD1C0410D3000AF3C7 /* LaunchScreen.storyboard */,
				D31ACBD01C0410D3000AF3C7 /* Info.plist */,
				D3655BFE1C74757200ABE71C /* demo-Bridging-Header.h */,
				D3111BB51C800FCE008772A3 /* URLsession */,
				D30B59261C83F75A0093509F /* shakeView.h */,
				D30B59271C83F75A0093509F /* shakeView.m */,
			);
			path = demo;
			sourceTree = "<group>";
		};
		D3655BFB1C746DEA00ABE71C /* gamesHiddenObject */ = {
			isa = PBXGroup;
			children = (
				D3655BED1C746DE300ABE71C /* Wallpaper-686.jpg */,
				D3655BEE1C746DE300ABE71C /* roundedLogo.png */,
				D3655BEF1C746DE300ABE71C /* image.jpg */,
				D3655BF01C746DE300ABE71C /* circle.png */,
				D3655BF11C746DE300ABE71C /* planet.png */,
				D3655BF21C746DE300ABE71C /* gameHiddenObjectViewController.swift */,
				D3655BF31C746DE300ABE71C /* gameHiddenObjectViewController.xib */,
			);
			name = gamesHiddenObject;
			sourceTree = "<group>";
		};
		D3655C091C74757A00ABE71C /* slidepuzzle */ = {
			isa = PBXGroup;
			children = (
				D3655BFF1C74757300ABE71C /* IXNTilePuzzle.h */,
				D3655C001C74757300ABE71C /* UIImage+Resize.h */,
				D3655C011C74757300ABE71C /* UIImage+Resize.m */,
				D3655C021C74757300ABE71C /* IXNTileBoard.h */,
				D3655C031C74757300ABE71C /* IXNTileBoard.m */,
				D3655C041C74757300ABE71C /* IXNTileBoardView.h */,
				D3655C051C74757300ABE71C /* IXNTileBoardView.m */,
			);
			name = slidepuzzle;
			sourceTree = "<group>";
		};
		D37F56E21CD313B000E7EB07 /* extension */ = {
			isa = PBXGroup;
			children = (
				D37F56DF1CD313AB00E7EB07 /* dateExtension.h */,
				D37F56E01CD313AB00E7EB07 /* dateExtension.m */,
				D383CBA71CD34C6300D43083 /* extensionview.swift */,
			);
			name = extension;
			sourceTree = "<group>";
		};
/* End PBXGroup section */

/* Begin PBXNativeTarget section */
		D308654D1C5D9AB900DBA1AF /* usedDisk */ = {
			isa = PBXNativeTarget;
			buildConfigurationList = D308655E1C5D9AB900DBA1AF /* Build configuration list for PBXNativeTarget "usedDisk" */;
			buildPhases = (
				D308654A1C5D9AB900DBA1AF /* Sources */,
				D308654B1C5D9AB900DBA1AF /* Frameworks */,
				D308654C1C5D9AB900DBA1AF /* Resources */,
			);
			buildRules = (
			);
			dependencies = (
			);
			name = usedDisk;
			productName = usedDisk;
			productReference = D308654E1C5D9AB900DBA1AF /* usedDisk.appex */;
			productType = "com.apple.product-type.app-extension";
		};
		D31ACBC01C0410D3000AF3C7 /* demo */ = {
			isa = PBXNativeTarget;
			buildConfigurationList = D31ACBD31C0410D3000AF3C7 /* Build configuration list for PBXNativeTarget "demo" */;
			buildPhases = (
				D31ACBBD1C0410D3000AF3C7 /* Sources */,
				D31ACBBE1C0410D3000AF3C7 /* Frameworks */,
				D31ACBBF1C0410D3000AF3C7 /* Resources */,
				D308655F1C5D9AB900DBA1AF /* Embed App Extensions */,
			);
			buildRules = (
			);
			dependencies = (
				D308655A1C5D9AB900DBA1AF /* PBXTargetDependency */,
			);
			name = demo;
			productName = demo;
			productReference = D31ACBC11C0410D3000AF3C7 /* demo.app */;
			productType = "com.apple.product-type.application";
		};
/* End PBXNativeTarget section */

/* Begin PBXProject section */
		D31ACBB91C0410D3000AF3C7 /* Project object */ = {
			isa = PBXProject;
			attributes = {
				LastSwiftUpdateCheck = 0720;
				LastUpgradeCheck = 0700;
				ORGANIZATIONNAME = originesia;
				TargetAttributes = {
					D308654D1C5D9AB900DBA1AF = {
						CreatedOnToolsVersion = 7.2;
						DevelopmentTeam = 6S58NYHELK;
					};
					D31ACBC01C0410D3000AF3C7 = {
						CreatedOnToolsVersion = 7.0.1;
						SystemCapabilities = {
							com.apple.BackgroundModes = {
								enabled = 1;
							};
							com.apple.Push = {
								enabled = 1;
							};
						};
					};
				};
			};
			buildConfigurationList = D31ACBBC1C0410D3000AF3C7 /* Build configuration list for PBXProject "demo" */;
			compatibilityVersion = "Xcode 3.2";
			developmentRegion = English;
			hasScannedForEncodings = 0;
			knownRegions = (
				en,
				Base,
			);
			mainGroup = D31ACBB81C0410D3000AF3C7;
			productRefGroup = D31ACBC21C0410D3000AF3C7 /* Products */;
			projectDirPath = "";
			projectRoot = "";
			targets = (
				D31ACBC01C0410D3000AF3C7 /* demo */,
				D308654D1C5D9AB900DBA1AF /* usedDisk */,
			);
		};
/* End PBXProject section */

/* Begin PBXResourcesBuildPhase section */
		D308654C1C5D9AB900DBA1AF /* Resources */ = {
			isa = PBXResourcesBuildPhase;
			buildActionMask = 2147483647;
			files = (
				D30865571C5D9AB900DBA1AF /* MainInterface.storyboard in Resources */,
			);
			runOnlyForDeploymentPostprocessing = 0;
		};
		D31ACBBF1C0410D3000AF3C7 /* Resources */ = {
			isa = PBXResourcesBuildPhase;
			buildActionMask = 2147483647;
			files = (
				D3655BF51C746DE300ABE71C /* roundedLogo.png in Resources */,
				D3655BFA1C746DE300ABE71C /* gameHiddenObjectViewController.xib in Resources */,
				D3655BF41C746DE300ABE71C /* Wallpaper-686.jpg in Resources */,
				D303FC1E1CA391F100FEC847 /* info.png in Resources */,
				D3111BB71C8027D1008772A3 /* LoginView.xib in Resources */,
				D34E2ACD1C72FA5400E7A3E2 /* plane.png in Resources */,
				D3655BF81C746DE300ABE71C /* planet.png in Resources */,
				D31ACBCF1C0410D3000AF3C7 /* LaunchScreen.storyboard in Resources */,
				D3655BF61C746DE300ABE71C /* image.jpg in Resources */,
				D31ACBCC1C0410D3000AF3C7 /* Assets.xcassets in Resources */,
				D31ACBCA1C0410D3000AF3C7 /* Main.storyboard in Resources */,
				D3655BF71C746DE300ABE71C /* circle.png in Resources */,
			);
			runOnlyForDeploymentPostprocessing = 0;
		};
/* End PBXResourcesBuildPhase section */

/* Begin PBXSourcesBuildPhase section */
		D308654A1C5D9AB900DBA1AF /* Sources */ = {
			isa = PBXSourcesBuildPhase;
			buildActionMask = 2147483647;
			files = (
				D30865541C5D9AB900DBA1AF /* TodayViewController.swift in Sources */,
				D3071C811C5E560E00CADA26 /* adsOn.swift in Sources */,
			);
			runOnlyForDeploymentPostprocessing = 0;
		};
		D31ACBBD1C0410D3000AF3C7 /* Sources */ = {
			isa = PBXSourcesBuildPhase;
			buildActionMask = 2147483647;
			files = (
				D31AF04C1C968420004044BD /* extensionBttn.m in Sources */,
				D3081A2B1C57272F0034A712 /* TileView.swift in Sources */,
				D3080ED31CB5064900802276 /* AJloadingScale.m in Sources */,
				D3081A271C57272F0034A712 /* Splitflap.swift in Sources */,
				D303FC1C1CA3905B00FEC847 /* infoViewMessage.m in Sources */,
				D3111BB41C800FC8008772A3 /* URLsession.m in Sources */,
				D30E2B7C1C9A85C700C446D3 /* tableRefreshPull.m in Sources */,
				D31B8ACC1C8FD8D500B0E2DF /* rectangleLoadView.m in Sources */,
				D3081A2A1C57272F0034A712 /* SplitflapTokens.swift in Sources */,
				D30D28031C9149790047AF83 /* UIImageView+URLsession.m in Sources */,
				D3111BB91C804B09008772A3 /* LoginView.swift in Sources */,
				D30B59281C83F75A0093509F /* shakeView.m in Sources */,
				D3655C081C74757300ABE71C /* IXNTileBoardView.m in Sources */,
				D37F56E11CD313AB00E7EB07 /* dateExtension.m in Sources */,
				D31409CF1C9929A7002E7BB2 /* bttnHeadMenu.m in Sources */,
				D3655BF91C746DE300ABE71C /* gameHiddenObjectViewController.swift in Sources */,
				D31409CC1C992978002E7BB2 /* bttnMenu.m in Sources */,
				D30BDA8A1C93CB93003A6786 /* drawPath.m in Sources */,
				D31ACBD71C041141000AF3C7 /* AJslideNavigator.swift in Sources */,
				D303FC181CA38FD200FEC847 /* infoViewBttn.m in Sources */,
				D3655BFD1C746E5700ABE71C /* homeTableViewController.swift in Sources */,
				D3081A291C57272F0034A712 /* SplitflapDelegate.swift in Sources */,
				D3081A261C57272F0034A712 /* FlapViewBuilder.swift in Sources */,
				D30BDA891C93CB93003A6786 /* ArcViewController.m in Sources */,
				D383CBA81CD34C6300D43083 /* extensionview.swift in Sources */,
				D3081A2D1C57272F0034A712 /* TokenParser.swift in Sources */,
				D30BDA8E1C93F29A003A6786 /* shapeBttn.m in Sources */,
				D3655C061C74757300ABE71C /* UIImage+Resize.m in Sources */,
				D3080ECF1CB4EC1C00802276 /* AJloadingCircle.m in Sources */,
				D3081A251C57272F0034A712 /* FlapView.swift in Sources */,
				D3164C751C76BD2D00606D2B /* circleLoadView.m in Sources */,
				D3081A2C1C57272F0034A712 /* TokenGenerator.swift in Sources */,
				D30D28351C917E920047AF83 /* ColorizeViewController.swift in Sources */,
				D3655C0B1C7476E300ABE71C /* tilesViewController.swift in Sources */,
				D31ACBC71C0410D3000AF3C7 /* ViewController.swift in Sources */,
				D31ACBC51C0410D3000AF3C7 /* AppDelegate.swift in Sources */,
				D3081A281C57272F0034A712 /* SplitflapDataSource.swift in Sources */,
				D31409C81C992950002E7BB2 /* expandMenu.m in Sources */,
				D3D3F8101CD3366000465482 /* testExtentionsViewController.swift in Sources */,
				D3655C071C74757300ABE71C /* IXNTileBoard.m in Sources */,
				D3164C721C76BC5500606D2B /* circleViewController.swift in Sources */,
				D31ACBD91C041656000AF3C7 /* duaViewController.swift in Sources */,
			);
			runOnlyForDeploymentPostprocessing = 0;
		};
/* End PBXSourcesBuildPhase section */

/* Begin PBXTargetDependency section */
		D308655A1C5D9AB900DBA1AF /* PBXTargetDependency */ = {
			isa = PBXTargetDependency;
			target = D308654D1C5D9AB900DBA1AF /* usedDisk */;
			targetProxy = D30865591C5D9AB900DBA1AF /* PBXContainerItemProxy */;
		};
/* End PBXTargetDependency section */

/* Begin PBXVariantGroup section */
		D30865551C5D9AB900DBA1AF /* MainInterface.storyboard */ = {
			isa = PBXVariantGroup;
			children = (
				D30865561C5D9AB900DBA1AF /* Base */,
			);
			name = MainInterface.storyboard;
			sourceTree = "<group>";
		};
		D31ACBC81C0410D3000AF3C7 /* Main.storyboard */ = {
			isa = PBXVariantGroup;
			children = (
				D31ACBC91C0410D3000AF3C7 /* Base */,
			);
			name = Main.storyboard;
			sourceTree = "<group>";
		};
		D31ACBCD1C0410D3000AF3C7 /* LaunchScreen.storyboard */ = {
			isa = PBXVariantGroup;
			children = (
				D31ACBCE1C0410D3000AF3C7 /* Base */,
			);
			name = LaunchScreen.storyboard;
			sourceTree = "<group>";
		};
/* End PBXVariantGroup section */

/* Begin XCBuildConfiguration section */
		D308655C1C5D9AB900DBA1AF /* Debug */ = {
			isa = XCBuildConfiguration;
			buildSettings = {
				CODE_SIGN_IDENTITY = "iPhone Developer";
				"CODE_SIGN_IDENTITY[sdk=iphoneos*]" = "iPhone Developer";
				INFOPLIST_FILE = usedDisk/Info.plist;
				IPHONEOS_DEPLOYMENT_TARGET = 9.2;
				LD_RUNPATH_SEARCH_PATHS = "$(inherited) @executable_path/Frameworks @executable_path/../../Frameworks";
				PRODUCT_BUNDLE_IDENTIFIER = com.originesia.demo.usedDisk;
				PRODUCT_NAME = "$(TARGET_NAME)";
				PROVISIONING_PROFILE = "";
				SKIP_INSTALL = YES;
				TARGETED_DEVICE_FAMILY = 1;
			};
			name = Debug;
		};
		D308655D1C5D9AB900DBA1AF /* Release */ = {
			isa = XCBuildConfiguration;
			buildSettings = {
				CODE_SIGN_IDENTITY = "iPhone Distribution";
				"CODE_SIGN_IDENTITY[sdk=iphoneos*]" = "iPhone Distribution";
				INFOPLIST_FILE = usedDisk/Info.plist;
				IPHONEOS_DEPLOYMENT_TARGET = 9.2;
				LD_RUNPATH_SEARCH_PATHS = "$(inherited) @executable_path/Frameworks @executable_path/../../Frameworks";
				PRODUCT_BUNDLE_IDENTIFIER = com.originesia.demo.usedDisk;
				PRODUCT_NAME = "$(TARGET_NAME)";
				PROVISIONING_PROFILE = "";
				SKIP_INSTALL = YES;
				TARGETED_DEVICE_FAMILY = 1;
			};
			name = Release;
		};
		D31ACBD11C0410D3000AF3C7 /* Debug */ = {
			isa = XCBuildConfiguration;
			buildSettings = {
				ALWAYS_SEARCH_USER_PATHS = NO;
				CLANG_CXX_LANGUAGE_STANDARD = "gnu++0x";
				CLANG_CXX_LIBRARY = "libc++";
				CLANG_ENABLE_MODULES = YES;
				CLANG_ENABLE_OBJC_ARC = YES;
				CLANG_WARN_BOOL_CONVERSION = YES;
				CLANG_WARN_CONSTANT_CONVERSION = YES;
				CLANG_WARN_DIRECT_OBJC_ISA_USAGE = YES_ERROR;
				CLANG_WARN_EMPTY_BODY = YES;
				CLANG_WARN_ENUM_CONVERSION = YES;
				CLANG_WARN_INT_CONVERSION = YES;
				CLANG_WARN_OBJC_ROOT_CLASS = YES_ERROR;
				CLANG_WARN_UNREACHABLE_CODE = YES;
				CLANG_WARN__DUPLICATE_METHOD_MATCH = YES;
				CODE_SIGN_IDENTITY = "iPhone Developer";
				"CODE_SIGN_IDENTITY[sdk=iphoneos*]" = "iPhone Developer";
				COPY_PHASE_STRIP = NO;
				DEBUG_INFORMATION_FORMAT = dwarf;
				ENABLE_STRICT_OBJC_MSGSEND = YES;
				ENABLE_TESTABILITY = YES;
				GCC_C_LANGUAGE_STANDARD = gnu99;
				GCC_DYNAMIC_NO_PIC = NO;
				GCC_NO_COMMON_BLOCKS = YES;
				GCC_OPTIMIZATION_LEVEL = 0;
				GCC_PREPROCESSOR_DEFINITIONS = (
					"DEBUG=1",
					"$(inherited)",
				);
				GCC_WARN_64_TO_32_BIT_CONVERSION = YES;
				GCC_WARN_ABOUT_RETURN_TYPE = YES_ERROR;
				GCC_WARN_UNDECLARED_SELECTOR = YES;
				GCC_WARN_UNINITIALIZED_AUTOS = YES_AGGRESSIVE;
				GCC_WARN_UNUSED_FUNCTION = YES;
				GCC_WARN_UNUSED_VARIABLE = YES;
				IPHONEOS_DEPLOYMENT_TARGET = 9.0;
				MTL_ENABLE_DEBUG_INFO = YES;
				ONLY_ACTIVE_ARCH = YES;
				SDKROOT = iphoneos;
				SWIFT_OPTIMIZATION_LEVEL = "-Onone";
				TARGETED_DEVICE_FAMILY = "1,2";
			};
			name = Debug;
		};
		D31ACBD21C0410D3000AF3C7 /* Release */ = {
			isa = XCBuildConfiguration;
			buildSettings = {
				ALWAYS_SEARCH_USER_PATHS = NO;
				CLANG_CXX_LANGUAGE_STANDARD = "gnu++0x";
				CLANG_CXX_LIBRARY = "libc++";
				CLANG_ENABLE_MODULES = YES;
				CLANG_ENABLE_OBJC_ARC = YES;
				CLANG_WARN_BOOL_CONVERSION = YES;
				CLANG_WARN_CONSTANT_CONVERSION = YES;
				CLANG_WARN_DIRECT_OBJC_ISA_USAGE = YES_ERROR;
				CLANG_WARN_EMPTY_BODY = YES;
				CLANG_WARN_ENUM_CONVERSION = YES;
				CLANG_WARN_INT_CONVERSION = YES;
				CLANG_WARN_OBJC_ROOT_CLASS = YES_ERROR;
				CLANG_WARN_UNREACHABLE_CODE = YES;
				CLANG_WARN__DUPLICATE_METHOD_MATCH = YES;
				CODE_SIGN_IDENTITY = "iPhone Distribution";
				"CODE_SIGN_IDENTITY[sdk=iphoneos*]" = "iPhone Distribution";
				COPY_PHASE_STRIP = NO;
				DEBUG_INFORMATION_FORMAT = "dwarf-with-dsym";
				ENABLE_NS_ASSERTIONS = NO;
				ENABLE_STRICT_OBJC_MSGSEND = YES;
				GCC_C_LANGUAGE_STANDARD = gnu99;
				GCC_NO_COMMON_BLOCKS = YES;
				GCC_WARN_64_TO_32_BIT_CONVERSION = YES;
				GCC_WARN_ABOUT_RETURN_TYPE = YES_ERROR;
				GCC_WARN_UNDECLARED_SELECTOR = YES;
				GCC_WARN_UNINITIALIZED_AUTOS = YES_AGGRESSIVE;
				GCC_WARN_UNUSED_FUNCTION = YES;
				GCC_WARN_UNUSED_VARIABLE = YES;
				IPHONEOS_DEPLOYMENT_TARGET = 9.0;
				MTL_ENABLE_DEBUG_INFO = NO;
				SDKROOT = iphoneos;
				TARGETED_DEVICE_FAMILY = "1,2";
				VALIDATE_PRODUCT = YES;
			};
			name = Release;
		};
		D31ACBD41C0410D3000AF3C7 /* Debug */ = {
			isa = XCBuildConfiguration;
			buildSettings = {
				ASSETCATALOG_COMPILER_APPICON_NAME = AppIcon;
				CLANG_ENABLE_MODULES = YES;
				CODE_SIGN_IDENTITY = "iPhone Developer";
				"CODE_SIGN_IDENTITY[sdk=iphoneos*]" = "iPhone Developer";
				EMBEDDED_CONTENT_CONTAINS_SWIFT = YES;
				INFOPLIST_FILE = demo/Info.plist;
				LD_RUNPATH_SEARCH_PATHS = "$(inherited) @executable_path/Frameworks";
				PRODUCT_BUNDLE_IDENTIFIER = com.originesia.demo;
				PRODUCT_NAME = "$(TARGET_NAME)";
				PROVISIONING_PROFILE = "";
				SWIFT_OBJC_BRIDGING_HEADER = "demo/demo-Bridging-Header.h";
				SWIFT_OPTIMIZATION_LEVEL = "-Onone";
				TARGETED_DEVICE_FAMILY = 1;
			};
			name = Debug;
		};
		D31ACBD51C0410D3000AF3C7 /* Release */ = {
			isa = XCBuildConfiguration;
			buildSettings = {
				ASSETCATALOG_COMPILER_APPICON_NAME = AppIcon;
				CLANG_ENABLE_MODULES = YES;
				CODE_SIGN_IDENTITY = "iPhone Developer";
				"CODE_SIGN_IDENTITY[sdk=iphoneos*]" = "iPhone Distribution";
				EMBEDDED_CONTENT_CONTAINS_SWIFT = YES;
				INFOPLIST_FILE = demo/Info.plist;
				LD_RUNPATH_SEARCH_PATHS = "$(inherited) @executable_path/Frameworks";
				PRODUCT_BUNDLE_IDENTIFIER = com.originesia.demo;
				PRODUCT_NAME = "$(TARGET_NAME)";
				PROVISIONING_PROFILE = "";
				SWIFT_OBJC_BRIDGING_HEADER = "demo/demo-Bridging-Header.h";
				TARGETED_DEVICE_FAMILY = 1;
			};
			name = Release;
		};
/* End XCBuildConfiguration section */

/* Begin XCConfigurationList section */
		D308655E1C5D9AB900DBA1AF /* Build configuration list for PBXNativeTarget "usedDisk" */ = {
			isa = XCConfigurationList;
			buildConfigurations = (
				D308655C1C5D9AB900DBA1AF /* Debug */,
				D308655D1C5D9AB900DBA1AF /* Release */,
			);
			defaultConfigurationIsVisible = 0;
			defaultConfigurationName = Release;
		};
		D31ACBBC1C0410D3000AF3C7 /* Build configuration list for PBXProject "demo" */ = {
			isa = XCConfigurationList;
			buildConfigurations = (
				D31ACBD11C0410D3000AF3C7 /* Debug */,
				D31ACBD21C0410D3000AF3C7 /* Release */,
			);
			defaultConfigurationIsVisible = 0;
			defaultConfigurationName = Release;
		};
		D31ACBD31C0410D3000AF3C7 /* Build configuration list for PBXNativeTarget "demo" */ = {
			isa = XCConfigurationList;
			buildConfigurations = (
				D31ACBD41C0410D3000AF3C7 /* Debug */,
				D31ACBD51C0410D3000AF3C7 /* Release */,
			);
			defaultConfigurationIsVisible = 0;
			defaultConfigurationName = Release;
		};
/* End XCConfigurationList section */
	};
	rootObject = D31ACBB91C0410D3000AF3C7 /* Project object */;
}
